
Microsoft Visual Studio Solution File, Format Version 12.00
# Visual Studio Version 17
VisualStudioVersion = 17.9.34616.47
MinimumVisualStudioVersion = 10.0.40219.1
Project("{9A19103F-16F7-4668-BE54-9A1E7A4F7556}") = "UZBWalks.Api", "UZBWalks.Api\UZBWalks.Api.csproj", "{0724819F-F042-4389-A837-64D9062AD48A}"
EndProject
Project("{FAE04EC0-301F-11D3-BF4B-00C04F79EFBC}") = "UZBWalks.UI", "UZBWalks.UI\UZBWalks.UI.csproj", "{8ADACE50-971D-4155-A87F-9C26D9E0F891}"
EndProject
Global
	GlobalSection(SolutionConfigurationPlatforms) = preSolution
		Debug|Any CPU = Debug|Any CPU
		Release|Any CPU = Release|Any CPU
	EndGlobalSection
	GlobalSection(ProjectConfigurationPlatforms) = postSolution
		{0724819F-F042-4389-A837-64D9062AD48A}.Debug|Any CPU.ActiveCfg = Debug|Any CPU
		{0724819F-F042-4389-A837-64D9062AD48A}.Debug|Any CPU.Build.0 = Debug|Any CPU
		{0724819F-F042-4389-A837-64D9062AD48A}.Release|Any CPU.ActiveCfg = Release|Any CPU
		{0724819F-F042-4389-A837-64D9062AD48A}.Release|Any CPU.Build.0 = Release|Any CPU
		{8ADACE50-971D-4155-A87F-9C26D9E0F891}.Debug|Any CPU.ActiveCfg = Debug|Any CPU
		{8ADACE50-971D-4155-A87F-9C26D9E0F891}.Debug|Any CPU.Build.0 = Debug|Any CPU
		{8ADACE50-971D-4155-A87F-9C26D9E0F891}.Release|Any CPU.ActiveCfg = Release|Any CPU
		{8ADACE50-971D-4155-A87F-9C26D9E0F891}.Release|Any CPU.Build.0 = Release|Any CPU
	EndGlobalSection
	GlobalSection(SolutionProperties) = preSolution
		HideSolutionNode = FALSE
	EndGlobalSection
	GlobalSection(ExtensibilityGlobals) = postSolution
		SolutionGuid = {98B602B9-803F-4731-9F99-F0898DA04510}
	EndGlobalSection
EndGlobal
